
Microsoft Visual Studio Solution File, Format Version 12.00
# Visual Studio Version 17
VisualStudioVersion = 17.13.35818.85 d17.13
MinimumVisualStudioVersion = 10.0.40219.1
Project("{FAE04EC0-301F-11D3-BF4B-00C04F79EFBC}") = "1ozISIP2124_Mizin", "1ozISIP2124_Mizin\1ozISIP2124_Mizin.csproj", "{D9A93B1E-EE82-4700-8643-6430F1164A6B}"
EndProject
Global
	GlobalSection(SolutionConfigurationPlatforms) = preSolution
		Debug|Any CPU = Debug|Any CPU
		Release|Any CPU = Release|Any CPU
	EndGlobalSection
	GlobalSection(ProjectConfigurationPlatforms) = postSolution
		{D9A93B1E-EE82-4700-8643-6430F1164A6B}.Debug|Any CPU.ActiveCfg = Debug|Any CPU
		{D9A93B1E-EE82-4700-8643-6430F1164A6B}.Debug|Any CPU.Build.0 = Debug|Any CPU
		{D9A93B1E-EE82-4700-8643-6430F1164A6B}.Release|Any CPU.ActiveCfg = Release|Any CPU
		{D9A93B1E-EE82-4700-8643-6430F1164A6B}.Release|Any CPU.Build.0 = Release|Any CPU
	EndGlobalSection
	GlobalSection(SolutionProperties) = preSolution
		HideSolutionNode = FALSE
	EndGlobalSection
	GlobalSection(ExtensibilityGlobals) = postSolution
		SolutionGuid = {8DF196E6-AEBB-49B1-950D-D64386751C36}
	EndGlobalSection
EndGlobal
